{
  "name": "pocketly",
  "lockfileVersion": 3,
  "requires": true,
  "packages": {
    "": {
      "name": "pocketly",
      "workspaces": [
        "apps/avro-viewer",
        "apps/csv-gantt-viewer",
        "apps/markdown-editor",
        "apps/restructuredtext-editor"
      ],
      "engines": {
        "node": ">=24 <25",
        "npm": ">=11 <12"
      }
    },
    "apps/avro-viewer": {},
    "apps/csv-gantt-viewer": {
      "devDependencies": {
        "@playwright/test": "^1.42.1"
      }
    },
    "apps/csv-gantt-viewer/node_modules/@playwright/test": {
      "version": "1.61.1",
      "dev": true,
      "license": "Apache-2.0",
      "dependencies": {
        "playwright": "1.61.1"
      },
      "bin": {
        "playwright": "cli.js"
      },
      "engines": {
        "node": ">=18"
      }
    },
    "apps/csv-gantt-viewer/node_modules/playwright": {
      "version": "1.61.1",
      "dev": true,
      "license": "Apache-2.0",
      "dependencies": {
        "playwright-core": "1.61.1"
      },
      "bin": {
        "playwright": "cli.js"
      },
      "engines": {
        "node": ">=18"
      },
      "optionalDependencies": {
        "fsevents": "2.3.2"
      }
    },
    "apps/csv-gantt-viewer/node_modules/playwright-core": {
      "version": "1.61.1",
      "dev": true,
      "license": "Apache-2.0",
      "bin": {
        "playwright-core": "cli.js"
      },
      "engines": {
        "node": ">=18"
      }
    },
    "apps/markdown-editor": {
      "license": "MIT",
      "devDependencies": {
        "@playwright/test": "^1.42.1"
      }
    },
    "apps/markdown-editor/node_modules/@playwright/test": {
      "version": "1.61.1",
      "dev": true,
      "license": "Apache-2.0",
      "dependencies": {
        "playwright": "1.61.1"
      },
      "bin": {
        "playwright": "cli.js"
      },
      "engines": {
        "node": ">=18"
      }
    },
    "apps/markdown-editor/node_modules/playwright": {
      "version": "1.61.1",
      "dev": true,
      "license": "Apache-2.0",
      "dependencies": {
        "playwright-core": "1.61.1"
      },
      "bin": {
        "playwright": "cli.js"
      },
      "engines": {
        "node": ">=18"
      },
      "optionalDependencies": {
        "fsevents": "2.3.2"
      }
    },
    "apps/markdown-editor/node_modules/playwright-core": {
      "version": "1.61.1",
      "dev": true,
      "license": "Apache-2.0",
      "bin": {
        "playwright-core": "cli.js"
      },
      "engines": {
        "node": ">=18"
      }
    },
    "apps/restructuredtext-editor": {},
    "node_modules/avro-viewer": {
      "resolved": "apps/avro-viewer",
      "link": true
    },
    "node_modules/csv-gantt-viewer": {
      "resolved": "apps/csv-gantt-viewer",
      "link": true
    },
    "node_modules/markdown-editor": {
      "resolved": "apps/markdown-editor",
      "link": true
    },
    "node_modules/restructuredtext-editor": {
      "resolved": "apps/restructuredtext-editor",
      "link": true
    }
  }
}
